// !$*UTF8*$!
{
	archiveVersion = 1;
	classes = {
	};
	objectVersion = 48;
	objects = {

/* Begin PBXBuildFile section */
		69C88E244E2973ECEA69627A /* Pods_GYLJR_Swift.framework in Frameworks */ = {isa = PBXBuildFile; fileRef = A5CB321A29195DFC7FBF2362 /* Pods_GYLJR_Swift.framework */; };
		8185A472202EB9DA00EAB43F /* SnapKit.framework in Frameworks */ = {isa = PBXBuildFile; fileRef = 8185A473202EB9DA00EAB43F /* SnapKit.framework */; };
		8185A477202EC0D000EAB43F /* libSystem.tbd in Frameworks */ = {isa = PBXBuildFile; fileRef = 8185A476202EC0D000EAB43F /* libSystem.tbd */; };
		8185A479202EC62C00EAB43F /* Security.framework in Frameworks */ = {isa = PBXBuildFile; fileRef = 8185A478202EC62C00EAB43F /* Security.framework */; };
		8185A47C202EF3A500EAB43F /* ClickLabel.swift in Sources */ = {isa = PBXBuildFile; fileRef = 8185A47B202EF3A500EAB43F /* ClickLabel.swift */; };
		819946DE2030337500A5CB89 /* 123.png in Resources */ = {isa = PBXBuildFile; fileRef = 819946DD2030337500A5CB89 /* 123.png */; };
		8199472B2030408400A5CB89 /* BannerScrollView.swift in Sources */ = {isa = PBXBuildFile; fileRef = 8199472A2030408400A5CB89 /* BannerScrollView.swift */; };
		81A5B0B52030237100F65FD1 /* main-banner.png in Resources */ = {isa = PBXBuildFile; fileRef = 81A5B0B42030237100F65FD1 /* main-banner.png */; };
		81A5B0B72030288F00F65FD1 /* mine_headerBg.png in Resources */ = {isa = PBXBuildFile; fileRef = 81A5B0B62030288E00F65FD1 /* mine_headerBg.png */; };
		81A5B0BB2030290C00F65FD1 /* startImage.png in Resources */ = {isa = PBXBuildFile; fileRef = 81A5B0BA2030290B00F65FD1 /* startImage.png */; };
		81A66639202C4C6C00C8088A /* UserModel.swift in Sources */ = {isa = PBXBuildFile; fileRef = 81A66638202C4C6C00C8088A /* UserModel.swift */; };
		81A6663B202C4F5600C8088A /* ApiManager.swift in Sources */ = {isa = PBXBuildFile; fileRef = 81A6663A202C4F5600C8088A /* ApiManager.swift */; };
		81A96432202E8C220034CC03 /* String+Help.swift in Sources */ = {isa = PBXBuildFile; fileRef = 81A96431202E8C220034CC03 /* String+Help.swift */; };
		81A96441202E922F0034CC03 /* NSString+Help.m in Sources */ = {isa = PBXBuildFile; fileRef = 81A96440202E922F0034CC03 /* NSString+Help.m */; };
		81A96446202E92860034CC03 /* GTMBase64.m in Sources */ = {isa = PBXBuildFile; fileRef = 81A96444202E92860034CC03 /* GTMBase64.m */; };
		81A96448202E932A0034CC03 /* FuncConst.swift in Sources */ = {isa = PBXBuildFile; fileRef = 81A96447202E932A0034CC03 /* FuncConst.swift */; };
		81B0FC02202D2FFE00E1E73B /* SYTabBar.swift in Sources */ = {isa = PBXBuildFile; fileRef = 81B0FBFE202D2FFE00E1E73B /* SYTabBar.swift */; };
		81B0FC03202D2FFE00E1E73B /* SYTabBarController.swift in Sources */ = {isa = PBXBuildFile; fileRef = 81B0FBFF202D2FFE00E1E73B /* SYTabBarController.swift */; };
		81B0FC04202D2FFE00E1E73B /* SYTabBarItem.swift in Sources */ = {isa = PBXBuildFile; fileRef = 81B0FC00202D2FFE00E1E73B /* SYTabBarItem.swift */; };
		81B0FC05202D2FFE00E1E73B /* UIView+Help.swift in Sources */ = {isa = PBXBuildFile; fileRef = 81B0FC01202D2FFE00E1E73B /* UIView+Help.swift */; };
		81B0FC08202D300E00E1E73B /* RootTabBarController.swift in Sources */ = {isa = PBXBuildFile; fileRef = 81B0FC07202D300E00E1E73B /* RootTabBarController.swift */; };
		81B0FC36202D312F00E1E73B /* mine_icon_select.png in Resources */ = {isa = PBXBuildFile; fileRef = 81B0FC0A202D312A00E1E73B /* mine_icon_select.png */; };
		81B0FC37202D312F00E1E73B /* mine_apply.png in Resources */ = {isa = PBXBuildFile; fileRef = 81B0FC0B202D312A00E1E73B /* mine_apply.png */; };
		81B0FC38202D312F00E1E73B /* 首页-03.png in Resources */ = {isa = PBXBuildFile; fileRef = 81B0FC0C202D312A00E1E73B /* 首页-03.png */; };
		81B0FC39202D312F00E1E73B /* main_icon_select.png in Resources */ = {isa = PBXBuildFile; fileRef = 81B0FC0D202D312A00E1E73B /* main_icon_select.png */; };
		81B0FC3A202D312F00E1E73B /* main_icon_unselect.png in Resources */ = {isa = PBXBuildFile; fileRef = 81B0FC0E202D312A00E1E73B /* main_icon_unselect.png */; };
		81B0FC3B202D312F00E1E73B /* 提示弹窗-01.png in Resources */ = {isa = PBXBuildFile; fileRef = 81B0FC0F202D312A00E1E73B /* 提示弹窗-01.png */; };
		81B0FC3C202D312F00E1E73B /* 新建借款申请-4.png in Resources */ = {isa = PBXBuildFile; fileRef = 81B0FC10202D312A00E1E73B /* 新建借款申请-4.png */; };
		81B0FC3D202D312F00E1E73B /* 新建借款申请-1.png in Resources */ = {isa = PBXBuildFile; fileRef = 81B0FC11202D312A00E1E73B /* 新建借款申请-1.png */; };
		81B0FC3E202D312F00E1E73B /* 借款管理-1.png in Resources */ = {isa = PBXBuildFile; fileRef = 81B0FC12202D312A00E1E73B /* 借款管理-1.png */; };
		81B0FC3F202D312F00E1E73B /* 提示弹窗-02.png in Resources */ = {isa = PBXBuildFile; fileRef = 81B0FC13202D312A00E1E73B /* 提示弹窗-02.png */; };
		81B0FC40202D312F00E1E73B /* 提示弹窗-04.png in Resources */ = {isa = PBXBuildFile; fileRef = 81B0FC14202D312A00E1E73B /* 提示弹窗-04.png */; };
		81B0FC41202D312F00E1E73B /* user_icon_login.png in Resources */ = {isa = PBXBuildFile; fileRef = 81B0FC15202D312B00E1E73B /* user_icon_login.png */; };
		81B0FC42202D312F00E1E73B /* 借款管理-2.png in Resources */ = {isa = PBXBuildFile; fileRef = 81B0FC16202D312B00E1E73B /* 借款管理-2.png */; };
		81B0FC43202D312F00E1E73B /* select_register.png in Resources */ = {isa = PBXBuildFile; fileRef = 81B0FC17202D312B00E1E73B /* select_register.png */; };
		81B0FC44202D312F00E1E73B /* 查看大图-关闭.png in Resources */ = {isa = PBXBuildFile; fileRef = 81B0FC18202D312B00E1E73B /* 查看大图-关闭.png */; };
		81B0FC45202D312F00E1E73B /* 个人中心2.png in Resources */ = {isa = PBXBuildFile; fileRef = 81B0FC19202D312B00E1E73B /* 个人中心2.png */; };
		81B0FC46202D312F00E1E73B /* 基本设置-已认证.png in Resources */ = {isa = PBXBuildFile; fileRef = 81B0FC1A202D312B00E1E73B /* 基本设置-已认证.png */; };
		81B0FC47202D312F00E1E73B /* user_login.png in Resources */ = {isa = PBXBuildFile; fileRef = 81B0FC1B202D312B00E1E73B /* user_login.png */; };
		81B0FC48202D312F00E1E73B /* mine_icon_unselect.png in Resources */ = {isa = PBXBuildFile; fileRef = 81B0FC1C202D312B00E1E73B /* mine_icon_unselect.png */; };
		81B0FC49202D312F00E1E73B /* 个人中心1.png in Resources */ = {isa = PBXBuildFile; fileRef = 81B0FC1D202D312B00E1E73B /* 个人中心1.png */; };
		81B0FC4A202D312F00E1E73B /* pwd_login.png in Resources */ = {isa = PBXBuildFile; fileRef = 81B0FC1E202D312B00E1E73B /* pwd_login.png */; };
		81B0FC4B202D312F00E1E73B /* nav_back.png in Resources */ = {isa = PBXBuildFile; fileRef = 81B0FC1F202D312B00E1E73B /* nav_back.png */; };
		81B0FC4C202D312F00E1E73B /* 新建借款申请-3.png in Resources */ = {isa = PBXBuildFile; fileRef = 81B0FC20202D312C00E1E73B /* 新建借款申请-3.png */; };
		81B0FC4D202D312F00E1E73B /* back_white.png in Resources */ = {isa = PBXBuildFile; fileRef = 81B0FC21202D312C00E1E73B /* back_white.png */; };
		81B0FC4E202D312F00E1E73B /* 提示弹窗-03.png in Resources */ = {isa = PBXBuildFile; fileRef = 81B0FC22202D312C00E1E73B /* 提示弹窗-03.png */; };
		81B0FC4F202D312F00E1E73B /* 相册.png in Resources */ = {isa = PBXBuildFile; fileRef = 81B0FC23202D312C00E1E73B /* 相册.png */; };
		81B0FC50202D312F00E1E73B /* 基本设置-提示.png in Resources */ = {isa = PBXBuildFile; fileRef = 81B0FC24202D312C00E1E73B /* 基本设置-提示.png */; };
		81B0FC51202D312F00E1E73B /* 首页1.png in Resources */ = {isa = PBXBuildFile; fileRef = 81B0FC25202D312C00E1E73B /* 首页1.png */; };
		81B0FC52202D312F00E1E73B /* 基本设置-03.png in Resources */ = {isa = PBXBuildFile; fileRef = 81B0FC26202D312C00E1E73B /* 基本设置-03.png */; };
		81B0FC53202D312F00E1E73B /* 基本设置-01.png in Resources */ = {isa = PBXBuildFile; fileRef = 81B0FC27202D312C00E1E73B /* 基本设置-01.png */; };
		81B0FC54202D312F00E1E73B /* 基本设置-02.png in Resources */ = {isa = PBXBuildFile; fileRef = 81B0FC28202D312D00E1E73B /* 基本设置-02.png */; };
		81B0FC55202D312F00E1E73B /* 首页-01.png in Resources */ = {isa = PBXBuildFile; fileRef = 81B0FC29202D312D00E1E73B /* 首页-01.png */; };
		81B0FC56202D312F00E1E73B /* unselect_register.png in Resources */ = {isa = PBXBuildFile; fileRef = 81B0FC2A202D312D00E1E73B /* unselect_register.png */; };
		81B0FC57202D312F00E1E73B /* 绑定银行卡.png in Resources */ = {isa = PBXBuildFile; fileRef = 81B0FC2B202D312D00E1E73B /* 绑定银行卡.png */; };
		81B0FC58202D312F00E1E73B /* 拍摄.png in Resources */ = {isa = PBXBuildFile; fileRef = 81B0FC2C202D312D00E1E73B /* 拍摄.png */; };
		81B0FC59202D312F00E1E73B /* 首页-02.png in Resources */ = {isa = PBXBuildFile; fileRef = 81B0FC2D202D312D00E1E73B /* 首页-02.png */; };
		81B0FC5A202D312F00E1E73B /* 首页-按钮.png in Resources */ = {isa = PBXBuildFile; fileRef = 81B0FC2E202D312D00E1E73B /* 首页-按钮.png */; };
		81B0FC5B202D312F00E1E73B /* 首页-灰色按钮.png in Resources */ = {isa = PBXBuildFile; fileRef = 81B0FC2F202D312E00E1E73B /* 首页-灰色按钮.png */; };
		81B0FC5C202D312F00E1E73B /* 文件夹.png in Resources */ = {isa = PBXBuildFile; fileRef = 81B0FC30202D312E00E1E73B /* 文件夹.png */; };
		81B0FC5D202D312F00E1E73B /* 新建借款申请-2.png in Resources */ = {isa = PBXBuildFile; fileRef = 81B0FC31202D312E00E1E73B /* 新建借款申请-2.png */; };
		81B0FC5E202D312F00E1E73B /* 首页2.png in Resources */ = {isa = PBXBuildFile; fileRef = 81B0FC32202D312E00E1E73B /* 首页2.png */; };
		81B0FC5F202D312F00E1E73B /* nav_close.png in Resources */ = {isa = PBXBuildFile; fileRef = 81B0FC33202D312E00E1E73B /* nav_close.png */; };
		81B0FC60202D312F00E1E73B /* mine_rightArrow.png in Resources */ = {isa = PBXBuildFile; fileRef = 81B0FC34202D312E00E1E73B /* mine_rightArrow.png */; };
		81B0FC61202D312F00E1E73B /* 找回密码.png in Resources */ = {isa = PBXBuildFile; fileRef = 81B0FC35202D312F00E1E73B /* 找回密码.png */; };
		81B0FC64202D35E500E1E73B /* BaseViewController.swift in Sources */ = {isa = PBXBuildFile; fileRef = 81B0FC63202D35E500E1E73B /* BaseViewController.swift */; };
		81B0FC68202D362200E1E73B /* MainViewController.swift in Sources */ = {isa = PBXBuildFile; fileRef = 81B0FC67202D362200E1E73B /* MainViewController.swift */; };
		81B0FC6A202D362D00E1E73B /* MineViewController.swift in Sources */ = {isa = PBXBuildFile; fileRef = 81B0FC69202D362D00E1E73B /* MineViewController.swift */; };
		81B0FC72202D997400E1E73B /* navBarBgImg.png in Resources */ = {isa = PBXBuildFile; fileRef = 81B0FC71202D997400E1E73B /* navBarBgImg.png */; };
		81B0FC76202D9E1B00E1E73B /* tabBarBgImg.png in Resources */ = {isa = PBXBuildFile; fileRef = 81B0FC75202D9E1B00E1E73B /* tabBarBgImg.png */; };
		81B0FC79202D9E9D00E1E73B /* LoginViewController.swift in Sources */ = {isa = PBXBuildFile; fileRef = 81B0FC78202D9E9D00E1E73B /* LoginViewController.swift */; };
		81B0FC7B202D9EA900E1E73B /* RegisterViewController.swift in Sources */ = {isa = PBXBuildFile; fileRef = 81B0FC7A202D9EA900E1E73B /* RegisterViewController.swift */; };
		81B0FC7D202D9FEA00E1E73B /* BaseInfo.swift in Sources */ = {isa = PBXBuildFile; fileRef = 81B0FC7C202D9FEA00E1E73B /* BaseInfo.swift */; };
		81B0FC7F202DA00500E1E73B /* LoginInfo.swift in Sources */ = {isa = PBXBuildFile; fileRef = 81B0FC7E202DA00500E1E73B /* LoginInfo.swift */; };
		81B0FC82202DA38600E1E73B /* ShiPei.swift in Sources */ = {isa = PBXBuildFile; fileRef = 81B0FC81202DA38600E1E73B /* ShiPei.swift */; };
		81B0FC84202DA54500E1E73B /* Tool.swift in Sources */ = {isa = PBXBuildFile; fileRef = 81B0FC83202DA54500E1E73B /* Tool.swift */; };
		81B1AE72202A8B7E001BB38F /* AppDelegate.swift in Sources */ = {isa = PBXBuildFile; fileRef = 81B1AE71202A8B7E001BB38F /* AppDelegate.swift */; };
		81B1AE77202A8B7E001BB38F /* Main.storyboard in Resources */ = {isa = PBXBuildFile; fileRef = 81B1AE75202A8B7E001BB38F /* Main.storyboard */; };
		81B1AE7C202A8B7E001BB38F /* LaunchScreen.storyboard in Resources */ = {isa = PBXBuildFile; fileRef = 81B1AE7A202A8B7E001BB38F /* LaunchScreen.storyboard */; };
		81B1AE89202A9364001BB38F /* HttpClient.swift in Sources */ = {isa = PBXBuildFile; fileRef = 81B1AE88202A9364001BB38F /* HttpClient.swift */; };
		81B1AE8D202A9D0B001BB38F /* Const.swift in Sources */ = {isa = PBXBuildFile; fileRef = 81B1AE8C202A9D0B001BB38F /* Const.swift */; };
		81B1AE8F202AA734001BB38F /* NetworkHelp.swift in Sources */ = {isa = PBXBuildFile; fileRef = 81B1AE8E202AA734001BB38F /* NetworkHelp.swift */; };
		81B1AE95202AAB28001BB38F /* BaseModel.swift in Sources */ = {isa = PBXBuildFile; fileRef = 81B1AE94202AAB28001BB38F /* BaseModel.swift */; };
		81B1AE97202AABE7001BB38F /* DataResult.swift in Sources */ = {isa = PBXBuildFile; fileRef = 81B1AE96202AABE7001BB38F /* DataResult.swift */; };
		81BAB84220312A0F00663100 /* SQAutoScrollView.swift in Sources */ = {isa = PBXBuildFile; fileRef = 81BAB83F20312A0F00663100 /* SQAutoScrollView.swift */; };
		81BAB84320312A0F00663100 /* SQDotView.swift in Sources */ = {isa = PBXBuildFile; fileRef = 81BAB84020312A0F00663100 /* SQDotView.swift */; };
		81BAB84420312A0F00663100 /* SQPageControl.swift in Sources */ = {isa = PBXBuildFile; fileRef = 81BAB84120312A0F00663100 /* SQPageControl.swift */; };
		81BAB8462031311000663100 /* BaseCell.swift in Sources */ = {isa = PBXBuildFile; fileRef = 81BAB8452031311000663100 /* BaseCell.swift */; };
		81BAB8482031313700663100 /* main-content.png in Resources */ = {isa = PBXBuildFile; fileRef = 81BAB8472031313700663100 /* main-content.png */; };
		81BAB86B20315E3000663100 /* MineCell.swift in Sources */ = {isa = PBXBuildFile; fileRef = 81BAB86A20315E3000663100 /* MineCell.swift */; };
		81BAB86D20316D5B00663100 /* UIButton+Help.swift in Sources */ = {isa = PBXBuildFile; fileRef = 81BAB86C20316D5B00663100 /* UIButton+Help.swift */; };
		81BAB87320317FA100663100 /* BaseTableView.swift in Sources */ = {isa = PBXBuildFile; fileRef = 81BAB87220317FA100663100 /* BaseTableView.swift */; };
		81BAB8772031977B00663100 /* MineHeaderFootView.swift in Sources */ = {isa = PBXBuildFile; fileRef = 81BAB8762031977B00663100 /* MineHeaderFootView.swift */; };
/* End PBXBuildFile section */

/* Begin PBXFileReference section */
		8185A471202EB58F00EAB43F /* SnapKit.framework */ = {isa = PBXFileReference; explicitFileType = wrapper.framework; path = SnapKit.framework; sourceTree = BUILT_PRODUCTS_DIR; };
		8185A473202EB9DA00EAB43F /* SnapKit.framework */ = {isa = PBXFileReference; explicitFileType = wrapper.framework; path = SnapKit.framework; sourceTree = BUILT_PRODUCTS_DIR; };
		8185A475202EB9DE00EAB43F /* CryptoSwift.framework */ = {isa = PBXFileReference; explicitFileType = wrapper.framework; path = CryptoSwift.framework; sourceTree = BUILT_PRODUCTS_DIR; };
		8185A476202EC0D000EAB43F /* libSystem.tbd */ = {isa = PBXFileReference; lastKnownFileType = "sourcecode.text-based-dylib-definition"; name = libSystem.tbd; path = usr/lib/libSystem.tbd; sourceTree = SDKROOT; };
		8185A478202EC62C00EAB43F /* Security.framework */ = {isa = PBXFileReference; lastKnownFileType = wrapper.framework; name = Security.framework; path = System/Library/Frameworks/Security.framework; sourceTree = SDKROOT; };
		8185A47B202EF3A500EAB43F /* ClickLabel.swift */ = {isa = PBXFileReference; lastKnownFileType = sourcecode.swift; path = ClickLabel.swift; sourceTree = "<group>"; };
		819946DD2030337500A5CB89 /* 123.png */ = {isa = PBXFileReference; lastKnownFileType = image.png; path = 123.png; sourceTree = "<group>"; };
		8199472A2030408400A5CB89 /* BannerScrollView.swift */ = {isa = PBXFileReference; lastKnownFileType = sourcecode.swift; path = BannerScrollView.swift; sourceTree = "<group>"; };
		81A5B0B42030237100F65FD1 /* main-banner.png */ = {isa = PBXFileReference; lastKnownFileType = image.png; path = "main-banner.png"; sourceTree = "<group>"; };
		81A5B0B62030288E00F65FD1 /* mine_headerBg.png */ = {isa = PBXFileReference; lastKnownFileType = image.png; path = mine_headerBg.png; sourceTree = "<group>"; };
		81A5B0BA2030290B00F65FD1 /* startImage.png */ = {isa = PBXFileReference; lastKnownFileType = image.png; path = startImage.png; sourceTree = "<group>"; };
		81A66638202C4C6C00C8088A /* UserModel.swift */ = {isa = PBXFileReference; lastKnownFileType = sourcecode.swift; path = UserModel.swift; sourceTree = "<group>"; };
		81A6663A202C4F5600C8088A /* ApiManager.swift */ = {isa = PBXFileReference; lastKnownFileType = sourcecode.swift; path = ApiManager.swift; sourceTree = "<group>"; };
		81A96431202E8C220034CC03 /* String+Help.swift */ = {isa = PBXFileReference; lastKnownFileType = sourcecode.swift; path = "String+Help.swift"; sourceTree = "<group>"; };
		81A96437202E8E7E0034CC03 /* GYLJR-Bridging-Header.h */ = {isa = PBXFileReference; lastKnownFileType = sourcecode.c.h; path = "GYLJR-Bridging-Header.h"; sourceTree = "<group>"; };
		81A9643F202E922F0034CC03 /* NSString+Help.h */ = {isa = PBXFileReference; lastKnownFileType = sourcecode.c.h; path = "NSString+Help.h"; sourceTree = "<group>"; };
		81A96440202E922F0034CC03 /* NSString+Help.m */ = {isa = PBXFileReference; lastKnownFileType = sourcecode.c.objc; path = "NSString+Help.m"; sourceTree = "<group>"; };
		81A96443202E92860034CC03 /* GTMBase64.h */ = {isa = PBXFileReference; fileEncoding = 4; lastKnownFileType = sourcecode.c.h; path = GTMBase64.h; sourceTree = "<group>"; };
		81A96444202E92860034CC03 /* GTMBase64.m */ = {isa = PBXFileReference; fileEncoding = 4; lastKnownFileType = sourcecode.c.objc; path = GTMBase64.m; sourceTree = "<group>"; };
		81A96445202E92860034CC03 /* GTMDefines.h */ = {isa = PBXFileReference; fileEncoding = 4; lastKnownFileType = sourcecode.c.h; path = GTMDefines.h; sourceTree = "<group>"; };
		81A96447202E932A0034CC03 /* FuncConst.swift */ = {isa = PBXFileReference; lastKnownFileType = sourcecode.swift; path = FuncConst.swift; sourceTree = "<group>"; };
		81A9644B202E9E440034CC03 /* CryptoSwift.framework */ = {isa = PBXFileReference; explicitFileType = wrapper.framework; path = CryptoSwift.framework; sourceTree = BUILT_PRODUCTS_DIR; };
		81A9644C202E9E440034CC03 /* SnapKit.framework */ = {isa = PBXFileReference; explicitFileType = wrapper.framework; path = SnapKit.framework; sourceTree = BUILT_PRODUCTS_DIR; };
		81B0FBFE202D2FFE00E1E73B /* SYTabBar.swift */ = {isa = PBXFileReference; fileEncoding = 4; lastKnownFileType = sourcecode.swift; path = SYTabBar.swift; sourceTree = "<group>"; };
		81B0FBFF202D2FFE00E1E73B /* SYTabBarController.swift */ = {isa = PBXFileReference; fileEncoding = 4; lastKnownFileType = sourcecode.swift; path = SYTabBarController.swift; sourceTree = "<group>"; };
		81B0FC00202D2FFE00E1E73B /* SYTabBarItem.swift */ = {isa = PBXFileReference; fileEncoding = 4; lastKnownFileType = sourcecode.swift; path = SYTabBarItem.swift; sourceTree = "<group>"; };
		81B0FC01202D2FFE00E1E73B /* UIView+Help.swift */ = {isa = PBXFileReference; fileEncoding = 4; lastKnownFileType = sourcecode.swift; path = "UIView+Help.swift"; sourceTree = "<group>"; };
		81B0FC07202D300E00E1E73B /* RootTabBarController.swift */ = {isa = PBXFileReference; fileEncoding = 4; lastKnownFileType = sourcecode.swift; path = RootTabBarController.swift; sourceTree = "<group>"; };
		81B0FC0A202D312A00E1E73B /* mine_icon_select.png */ = {isa = PBXFileReference; lastKnownFileType = image.png; path = mine_icon_select.png; sourceTree = "<group>"; };
		81B0FC0B202D312A00E1E73B /* mine_apply.png */ = {isa = PBXFileReference; lastKnownFileType = image.png; path = mine_apply.png; sourceTree = "<group>"; };
		81B0FC0C202D312A00E1E73B /* 首页-03.png */ = {isa = PBXFileReference; lastKnownFileType = image.png; path = "首页-03.png"; sourceTree = "<group>"; };
		81B0FC0D202D312A00E1E73B /* main_icon_select.png */ = {isa = PBXFileReference; lastKnownFileType = image.png; path = main_icon_select.png; sourceTree = "<group>"; };
		81B0FC0E202D312A00E1E73B /* main_icon_unselect.png */ = {isa = PBXFileReference; lastKnownFileType = image.png; path = main_icon_unselect.png; sourceTree = "<group>"; };
		81B0FC0F202D312A00E1E73B /* 提示弹窗-01.png */ = {isa = PBXFileReference; lastKnownFileType = image.png; path = "提示弹窗-01.png"; sourceTree = "<group>"; };
		81B0FC10202D312A00E1E73B /* 新建借款申请-4.png */ = {isa = PBXFileReference; lastKnownFileType = image.png; path = "新建借款申请-4.png"; sourceTree = "<group>"; };
		81B0FC11202D312A00E1E73B /* 新建借款申请-1.png */ = {isa = PBXFileReference; lastKnownFileType = image.png; path = "新建借款申请-1.png"; sourceTree = "<group>"; };
		81B0FC12202D312A00E1E73B /* 借款管理-1.png */ = {isa = PBXFileReference; lastKnownFileType = image.png; path = "借款管理-1.png"; sourceTree = "<group>"; };
		81B0FC13202D312A00E1E73B /* 提示弹窗-02.png */ = {isa = PBXFileReference; lastKnownFileType = image.png; path = "提示弹窗-02.png"; sourceTree = "<group>"; };
		81B0FC14202D312A00E1E73B /* 提示弹窗-04.png */ = {isa = PBXFileReference; lastKnownFileType = image.png; path = "提示弹窗-04.png"; sourceTree = "<group>"; };
		81B0FC15202D312B00E1E73B /* user_icon_login.png */ = {isa = PBXFileReference; lastKnownFileType = image.png; path = user_icon_login.png; sourceTree = "<group>"; };
		81B0FC16202D312B00E1E73B /* 借款管理-2.png */ = {isa = PBXFileReference; lastKnownFileType = image.png; path = "借款管理-2.png"; sourceTree = "<group>"; };
		81B0FC17202D312B00E1E73B /* select_register.png */ = {isa = PBXFileReference; lastKnownFileType = image.png; path = select_register.png; sourceTree = "<group>"; };
		81B0FC18202D312B00E1E73B /* 查看大图-关闭.png */ = {isa = PBXFileReference; lastKnownFileType = image.png; path = "查看大图-关闭.png"; sourceTree = "<group>"; };
		81B0FC19202D312B00E1E73B /* 个人中心2.png */ = {isa = PBXFileReference; lastKnownFileType = image.png; path = "个人中心2.png"; sourceTree = "<group>"; };
		81B0FC1A202D312B00E1E73B /* 基本设置-已认证.png */ = {isa = PBXFileReference; lastKnownFileType = image.png; path = "基本设置-已认证.png"; sourceTree = "<group>"; };
		81B0FC1B202D312B00E1E73B /* user_login.png */ = {isa = PBXFileReference; lastKnownFileType = image.png; path = user_login.png; sourceTree = "<group>"; };
		81B0FC1C202D312B00E1E73B /* mine_icon_unselect.png */ = {isa = PBXFileReference; lastKnownFileType = image.png; path = mine_icon_unselect.png; sourceTree = "<group>"; };
		81B0FC1D202D312B00E1E73B /* 个人中心1.png */ = {isa = PBXFileReference; lastKnownFileType = image.png; path = "个人中心1.png"; sourceTree = "<group>"; };
		81B0FC1E202D312B00E1E73B /* pwd_login.png */ = {isa = PBXFileReference; lastKnownFileType = image.png; path = pwd_login.png; sourceTree = "<group>"; };
		81B0FC1F202D312B00E1E73B /* nav_back.png */ = {isa = PBXFileReference; lastKnownFileType = image.png; path = nav_back.png; sourceTree = "<group>"; };
		81B0FC20202D312C00E1E73B /* 新建借款申请-3.png */ = {isa = PBXFileReference; lastKnownFileType = image.png; path = "新建借款申请-3.png"; sourceTree = "<group>"; };
		81B0FC21202D312C00E1E73B /* back_white.png */ = {isa = PBXFileReference; lastKnownFileType = image.png; path = back_white.png; sourceTree = "<group>"; };
		81B0FC22202D312C00E1E73B /* 提示弹窗-03.png */ = {isa = PBXFileReference; lastKnownFileType = image.png; path = "提示弹窗-03.png"; sourceTree = "<group>"; };
		81B0FC23202D312C00E1E73B /* 相册.png */ = {isa = PBXFileReference; lastKnownFileType = image.png; path = "相册.png"; sourceTree = "<group>"; };
		81B0FC24202D312C00E1E73B /* 基本设置-提示.png */ = {isa = PBXFileReference; lastKnownFileType = image.png; path = "基本设置-提示.png"; sourceTree = "<group>"; };
		81B0FC25202D312C00E1E73B /* 首页1.png */ = {isa = PBXFileReference; lastKnownFileType = image.png; path = "首页1.png"; sourceTree = "<group>"; };
		81B0FC26202D312C00E1E73B /* 基本设置-03.png */ = {isa = PBXFileReference; lastKnownFileType = image.png; path = "基本设置-03.png"; sourceTree = "<group>"; };
		81B0FC27202D312C00E1E73B /* 基本设置-01.png */ = {isa = PBXFileReference; lastKnownFileType = image.png; path = "基本设置-01.png"; sourceTree = "<group>"; };
		81B0FC28202D312D00E1E73B /* 基本设置-02.png */ = {isa = PBXFileReference; lastKnownFileType = image.png; path = "基本设置-02.png"; sourceTree = "<group>"; };
		81B0FC29202D312D00E1E73B /* 首页-01.png */ = {isa = PBXFileReference; lastKnownFileType = image.png; path = "首页-01.png"; sourceTree = "<group>"; };
		81B0FC2A202D312D00E1E73B /* unselect_register.png */ = {isa = PBXFileReference; lastKnownFileType = image.png; path = unselect_register.png; sourceTree = "<group>"; };
		81B0FC2B202D312D00E1E73B /* 绑定银行卡.png */ = {isa = PBXFileReference; lastKnownFileType = image.png; path = "绑定银行卡.png"; sourceTree = "<group>"; };
		81B0FC2C202D312D00E1E73B /* 拍摄.png */ = {isa = PBXFileReference; lastKnownFileType = image.png; path = "拍摄.png"; sourceTree = "<group>"; };
		81B0FC2D202D312D00E1E73B /* 首页-02.png */ = {isa = PBXFileReference; lastKnownFileType = image.png; path = "首页-02.png"; sourceTree = "<group>"; };
		81B0FC2E202D312D00E1E73B /* 首页-按钮.png */ = {isa = PBXFileReference; lastKnownFileType = image.png; path = "首页-按钮.png"; sourceTree = "<group>"; };
		81B0FC2F202D312E00E1E73B /* 首页-灰色按钮.png */ = {isa = PBXFileReference; lastKnownFileType = image.png; path = "首页-灰色按钮.png"; sourceTree = "<group>"; };
		81B0FC30202D312E00E1E73B /* 文件夹.png */ = {isa = PBXFileReference; lastKnownFileType = image.png; path = "文件夹.png"; sourceTree = "<group>"; };
		81B0FC31202D312E00E1E73B /* 新建借款申请-2.png */ = {isa = PBXFileReference; lastKnownFileType = image.png; path = "新建借款申请-2.png"; sourceTree = "<group>"; };
		81B0FC32202D312E00E1E73B /* 首页2.png */ = {isa = PBXFileReference; lastKnownFileType = image.png; path = "首页2.png"; sourceTree = "<group>"; };
		81B0FC33202D312E00E1E73B /* nav_close.png */ = {isa = PBXFileReference; lastKnownFileType = image.png; path = nav_close.png; sourceTree = "<group>"; };
		81B0FC34202D312E00E1E73B /* mine_rightArrow.png */ = {isa = PBXFileReference; lastKnownFileType = image.png; path = mine_rightArrow.png; sourceTree = "<group>"; };
		81B0FC35202D312F00E1E73B /* 找回密码.png */ = {isa = PBXFileReference; lastKnownFileType = image.png; path = "找回密码.png"; sourceTree = "<group>"; };
		81B0FC63202D35E500E1E73B /* BaseViewController.swift */ = {isa = PBXFileReference; lastKnownFileType = sourcecode.swift; path = BaseViewController.swift; sourceTree = "<group>"; };
		81B0FC67202D362200E1E73B /* MainViewController.swift */ = {isa = PBXFileReference; lastKnownFileType = sourcecode.swift; path = MainViewController.swift; sourceTree = "<group>"; };
		81B0FC69202D362D00E1E73B /* MineViewController.swift */ = {isa = PBXFileReference; lastKnownFileType = sourcecode.swift; path = MineViewController.swift; sourceTree = "<group>"; };
		81B0FC71202D997400E1E73B /* navBarBgImg.png */ = {isa = PBXFileReference; lastKnownFileType = image.png; path = navBarBgImg.png; sourceTree = "<group>"; };
		81B0FC75202D9E1B00E1E73B /* tabBarBgImg.png */ = {isa = PBXFileReference; lastKnownFileType = image.png; path = tabBarBgImg.png; sourceTree = "<group>"; };
		81B0FC78202D9E9D00E1E73B /* LoginViewController.swift */ = {isa = PBXFileReference; lastKnownFileType = sourcecode.swift; path = LoginViewController.swift; sourceTree = "<group>"; };
		81B0FC7A202D9EA900E1E73B /* RegisterViewController.swift */ = {isa = PBXFileReference; lastKnownFileType = sourcecode.swift; path = RegisterViewController.swift; sourceTree = "<group>"; };
		81B0FC7C202D9FEA00E1E73B /* BaseInfo.swift */ = {isa = PBXFileReference; lastKnownFileType = sourcecode.swift; path = BaseInfo.swift; sourceTree = "<group>"; };
		81B0FC7E202DA00500E1E73B /* LoginInfo.swift */ = {isa = PBXFileReference; lastKnownFileType = sourcecode.swift; path = LoginInfo.swift; sourceTree = "<group>"; };
		81B0FC81202DA38600E1E73B /* ShiPei.swift */ = {isa = PBXFileReference; lastKnownFileType = sourcecode.swift; path = ShiPei.swift; sourceTree = "<group>"; };
		81B0FC83202DA54500E1E73B /* Tool.swift */ = {isa = PBXFileReference; lastKnownFileType = sourcecode.swift; path = Tool.swift; sourceTree = "<group>"; };
		81B1AE6E202A8B7E001BB38F /* GYLJR-Swift.app */ = {isa = PBXFileReference; explicitFileType = wrapper.application; includeInIndex = 0; path = "GYLJR-Swift.app"; sourceTree = BUILT_PRODUCTS_DIR; };
		81B1AE71202A8B7E001BB38F /* AppDelegate.swift */ = {isa = PBXFileReference; lastKnownFileType = sourcecode.swift; path = AppDelegate.swift; sourceTree = "<group>"; };
		81B1AE76202A8B7E001BB38F /* Base */ = {isa = PBXFileReference; lastKnownFileType = file.storyboard; name = Base; path = Base.lproj/Main.storyboard; sourceTree = "<group>"; };
		81B1AE78202A8B7E001BB38F /* Assets.xcassets */ = {isa = PBXFileReference; lastKnownFileType = folder.assetcatalog; path = Assets.xcassets; sourceTree = "<group>"; };
		81B1AE7B202A8B7E001BB38F /* Base */ = {isa = PBXFileReference; lastKnownFileType = file.storyboard; name = Base; path = Base.lproj/LaunchScreen.storyboard; sourceTree = "<group>"; };
		81B1AE7D202A8B7E001BB38F /* Info.plist */ = {isa = PBXFileReference; lastKnownFileType = text.plist.xml; path = Info.plist; sourceTree = "<group>"; };
		81B1AE88202A9364001BB38F /* HttpClient.swift */ = {isa = PBXFileReference; lastKnownFileType = sourcecode.swift; path = HttpClient.swift; sourceTree = "<group>"; };
		81B1AE8C202A9D0B001BB38F /* Const.swift */ = {isa = PBXFileReference; lastKnownFileType = sourcecode.swift; path = Const.swift; sourceTree = "<group>"; };
		81B1AE8E202AA734001BB38F /* NetworkHelp.swift */ = {isa = PBXFileReference; lastKnownFileType = sourcecode.swift; path = NetworkHelp.swift; sourceTree = "<group>"; };
		81B1AE94202AAB28001BB38F /* BaseModel.swift */ = {isa = PBXFileReference; lastKnownFileType = sourcecode.swift; path = BaseModel.swift; sourceTree = "<group>"; };
		81B1AE96202AABE7001BB38F /* DataResult.swift */ = {isa = PBXFileReference; lastKnownFileType = sourcecode.swift; path = DataResult.swift; sourceTree = "<group>"; };
		81BAB83F20312A0F00663100 /* SQAutoScrollView.swift */ = {isa = PBXFileReference; fileEncoding = 4; lastKnownFileType = sourcecode.swift; path = SQAutoScrollView.swift; sourceTree = "<group>"; };
		81BAB84020312A0F00663100 /* SQDotView.swift */ = {isa = PBXFileReference; fileEncoding = 4; lastKnownFileType = sourcecode.swift; path = SQDotView.swift; sourceTree = "<group>"; };
		81BAB84120312A0F00663100 /* SQPageControl.swift */ = {isa = PBXFileReference; fileEncoding = 4; lastKnownFileType = sourcecode.swift; path = SQPageControl.swift; sourceTree = "<group>"; };
		81BAB8452031311000663100 /* BaseCell.swift */ = {isa = PBXFileReference; lastKnownFileType = sourcecode.swift; path = BaseCell.swift; sourceTree = "<group>"; };
		81BAB8472031313700663100 /* main-content.png */ = {isa = PBXFileReference; lastKnownFileType = image.png; path = "main-content.png"; sourceTree = "<group>"; };
		81BAB86A20315E3000663100 /* MineCell.swift */ = {isa = PBXFileReference; lastKnownFileType = sourcecode.swift; path = MineCell.swift; sourceTree = "<group>"; };
		81BAB86C20316D5B00663100 /* UIButton+Help.swift */ = {isa = PBXFileReference; lastKnownFileType = sourcecode.swift; path = "UIButton+Help.swift"; sourceTree = "<group>"; };
		81BAB87220317FA100663100 /* BaseTableView.swift */ = {isa = PBXFileReference; lastKnownFileType = sourcecode.swift; path = BaseTableView.swift; sourceTree = "<group>"; };
		81BAB8762031977B00663100 /* MineHeaderFootView.swift */ = {isa = PBXFileReference; lastKnownFileType = sourcecode.swift; path = MineHeaderFootView.swift; sourceTree = "<group>"; };
		A5CB321A29195DFC7FBF2362 /* Pods_GYLJR_Swift.framework */ = {isa = PBXFileReference; explicitFileType = wrapper.framework; includeInIndex = 0; path = Pods_GYLJR_Swift.framework; sourceTree = BUILT_PRODUCTS_DIR; };
		DC1DB3E89E544015A4CBAF91 /* Pods-GYLJR-Swift.debug.xcconfig */ = {isa = PBXFileReference; includeInIndex = 1; lastKnownFileType = text.xcconfig; name = "Pods-GYLJR-Swift.debug.xcconfig"; path = "Pods/Target Support Files/Pods-GYLJR-Swift/Pods-GYLJR-Swift.debug.xcconfig"; sourceTree = "<group>"; };
		F89352B912570873B8C7C3DC /* Pods-GYLJR-Swift.release.xcconfig */ = {isa = PBXFileReference; includeInIndex = 1; lastKnownFileType = text.xcconfig; name = "Pods-GYLJR-Swift.release.xcconfig"; path = "Pods/Target Support Files/Pods-GYLJR-Swift/Pods-GYLJR-Swift.release.xcconfig"; sourceTree = "<group>"; };
/* End PBXFileReference section */

/* Begin PBXFrameworksBuildPhase section */
		81B1AE6B202A8B7E001BB38F /* Frameworks */ = {
			isa = PBXFrameworksBuildPhase;
			buildActionMask = 2147483647;
			files = (
				8185A479202EC62C00EAB43F /* Security.framework in Frameworks */,
				8185A477202EC0D000EAB43F /* libSystem.tbd in Frameworks */,
				8185A472202EB9DA00EAB43F /* SnapKit.framework in Frameworks */,
				69C88E244E2973ECEA69627A /* Pods_GYLJR_Swift.framework in Frameworks */,
			);
			runOnlyForDeploymentPostprocessing = 0;
		};
/* End PBXFrameworksBuildPhase section */

/* Begin PBXGroup section */
		8185A47A202EF36F00EAB43F /* CustomUI */ = {
			isa = PBXGroup;
			children = (
				8185A47B202EF3A500EAB43F /* ClickLabel.swift */,
				8199472A2030408400A5CB89 /* BannerScrollView.swift */,
				81BAB8452031311000663100 /* BaseCell.swift */,
				81BAB87220317FA100663100 /* BaseTableView.swift */,
			);
			path = CustomUI;
			sourceTree = "<group>";
		};
		81A66637202C4C5000C8088A /* UserModel */ = {
			isa = PBXGroup;
			children = (
				81A66638202C4C6C00C8088A /* UserModel.swift */,
				81B0FC7E202DA00500E1E73B /* LoginInfo.swift */,
				81B0FC7C202D9FEA00E1E73B /* BaseInfo.swift */,
			);
			path = UserModel;
			sourceTree = "<group>";
		};
		81A96430202E8BE90034CC03 /* Category */ = {
			isa = PBXGroup;
			children = (
				819946DD2030337500A5CB89 /* 123.png */,
				81A96431202E8C220034CC03 /* String+Help.swift */,
				81B0FC01202D2FFE00E1E73B /* UIView+Help.swift */,
				81BAB86C20316D5B00663100 /* UIButton+Help.swift */,
			);
			path = Category;
			sourceTree = "<group>";
		};
		81A9643E202E920F0034CC03 /* OCModule */ = {
			isa = PBXGroup;
			children = (
				81A96442202E92860034CC03 /* gtmbase64 */,
				81A9643F202E922F0034CC03 /* NSString+Help.h */,
				81A96440202E922F0034CC03 /* NSString+Help.m */,
			);
			path = OCModule;
			sourceTree = "<group>";
		};
		81A96442202E92860034CC03 /* gtmbase64 */ = {
			isa = PBXGroup;
			children = (
				81A96443202E92860034CC03 /* GTMBase64.h */,
				81A96444202E92860034CC03 /* GTMBase64.m */,
				81A96445202E92860034CC03 /* GTMDefines.h */,
			);
			path = gtmbase64;
			sourceTree = "<group>";
		};
		81B0FBFD202D2FFE00E1E73B /* SYTabbarController */ = {
			isa = PBXGroup;
			children = (
				81B0FBFE202D2FFE00E1E73B /* SYTabBar.swift */,
				81B0FBFF202D2FFE00E1E73B /* SYTabBarController.swift */,
				81B0FC00202D2FFE00E1E73B /* SYTabBarItem.swift */,
			);
			path = SYTabbarController;
			sourceTree = "<group>";
		};
		81B0FC06202D300E00E1E73B /* UI */ = {
			isa = PBXGroup;
			children = (
				8185A47A202EF36F00EAB43F /* CustomUI */,
				81B0FC65202D35F800E1E73B /* Main */,
				81B0FC66202D360100E1E73B /* Mine */,
				81B0FC07202D300E00E1E73B /* RootTabBarController.swift */,
				81B0FC63202D35E500E1E73B /* BaseViewController.swift */,
			);
			path = UI;
			sourceTree = "<group>";
		};
		81B0FC09202D310800E1E73B /* Resource */ = {
			isa = PBXGroup;
			children = (
				81BAB8472031313700663100 /* main-content.png */,
				81A5B0BA2030290B00F65FD1 /* startImage.png */,
				81A5B0B62030288E00F65FD1 /* mine_headerBg.png */,
				81A5B0B42030237100F65FD1 /* main-banner.png */,
				81B0FC75202D9E1B00E1E73B /* tabBarBgImg.png */,
				81B0FC71202D997400E1E73B /* navBarBgImg.png */,
				81B0FC2B202D312D00E1E73B /* 绑定银行卡.png */,
				81B0FC18202D312B00E1E73B /* 查看大图-关闭.png */,
				81B0FC2A202D312D00E1E73B /* unselect_register.png */,
				81B0FC21202D312C00E1E73B /* back_white.png */,
				81B0FC0B202D312A00E1E73B /* mine_apply.png */,
				81B0FC34202D312E00E1E73B /* mine_rightArrow.png */,
				81B0FC1D202D312B00E1E73B /* 个人中心1.png */,
				81B0FC19202D312B00E1E73B /* 个人中心2.png */,
				81B0FC27202D312C00E1E73B /* 基本设置-01.png */,
				81B0FC28202D312D00E1E73B /* 基本设置-02.png */,
				81B0FC26202D312C00E1E73B /* 基本设置-03.png */,
				81B0FC24202D312C00E1E73B /* 基本设置-提示.png */,
				81B0FC1A202D312B00E1E73B /* 基本设置-已认证.png */,
				81B0FC12202D312A00E1E73B /* 借款管理-1.png */,
				81B0FC16202D312B00E1E73B /* 借款管理-2.png */,
				81B0FC2C202D312D00E1E73B /* 拍摄.png */,
				81B0FC29202D312D00E1E73B /* 首页-01.png */,
				81B0FC2D202D312D00E1E73B /* 首页-02.png */,
				81B0FC0C202D312A00E1E73B /* 首页-03.png */,
				81B0FC2E202D312D00E1E73B /* 首页-按钮.png */,
				81B0FC2F202D312E00E1E73B /* 首页-灰色按钮.png */,
				81B0FC25202D312C00E1E73B /* 首页1.png */,
				81B0FC32202D312E00E1E73B /* 首页2.png */,
				81B0FC0F202D312A00E1E73B /* 提示弹窗-01.png */,
				81B0FC13202D312A00E1E73B /* 提示弹窗-02.png */,
				81B0FC22202D312C00E1E73B /* 提示弹窗-03.png */,
				81B0FC14202D312A00E1E73B /* 提示弹窗-04.png */,
				81B0FC30202D312E00E1E73B /* 文件夹.png */,
				81B0FC23202D312C00E1E73B /* 相册.png */,
				81B0FC11202D312A00E1E73B /* 新建借款申请-1.png */,
				81B0FC31202D312E00E1E73B /* 新建借款申请-2.png */,
				81B0FC20202D312C00E1E73B /* 新建借款申请-3.png */,
				81B0FC10202D312A00E1E73B /* 新建借款申请-4.png */,
				81B0FC35202D312F00E1E73B /* 找回密码.png */,
				81B0FC17202D312B00E1E73B /* select_register.png */,
				81B0FC0D202D312A00E1E73B /* main_icon_select.png */,
				81B0FC0E202D312A00E1E73B /* main_icon_unselect.png */,
				81B0FC0A202D312A00E1E73B /* mine_icon_select.png */,
				81B0FC1C202D312B00E1E73B /* mine_icon_unselect.png */,
				81B0FC1F202D312B00E1E73B /* nav_back.png */,
				81B0FC33202D312E00E1E73B /* nav_close.png */,
				81B0FC1E202D312B00E1E73B /* pwd_login.png */,
				81B0FC15202D312B00E1E73B /* user_icon_login.png */,
				81B0FC1B202D312B00E1E73B /* user_login.png */,
			);
			path = Resource;
			sourceTree = "<group>";
		};
		81B0FC62202D313A00E1E73B /* Lib */ = {
			isa = PBXGroup;
			children = (
				81BAB83E20312A0F00663100 /* SQAutoScrollView */,
				81B0FBFD202D2FFE00E1E73B /* SYTabbarController */,
			);
			path = Lib;
			sourceTree = "<group>";
		};
		81B0FC65202D35F800E1E73B /* Main */ = {
			isa = PBXGroup;
			children = (
				81B0FC67202D362200E1E73B /* MainViewController.swift */,
			);
			path = Main;
			sourceTree = "<group>";
		};
		81B0FC66202D360100E1E73B /* Mine */ = {
			isa = PBXGroup;
			children = (
				81B0FC77202D9E8B00E1E73B /* Login */,
				81B0FC69202D362D00E1E73B /* MineViewController.swift */,
				81BAB8762031977B00663100 /* MineHeaderFootView.swift */,
				81BAB86A20315E3000663100 /* MineCell.swift */,
			);
			name = Mine;
			path = "New Group";
			sourceTree = "<group>";
		};
		81B0FC77202D9E8B00E1E73B /* Login */ = {
			isa = PBXGroup;
			children = (
				81B0FC78202D9E9D00E1E73B /* LoginViewController.swift */,
				81B0FC7A202D9EA900E1E73B /* RegisterViewController.swift */,
			);
			path = Login;
			sourceTree = "<group>";
		};
		81B0FC80202DA36D00E1E73B /* Utity */ = {
			isa = PBXGroup;
			children = (
				81B0FC81202DA38600E1E73B /* ShiPei.swift */,
				81B0FC83202DA54500E1E73B /* Tool.swift */,
			);
			path = Utity;
			sourceTree = "<group>";
		};
		81B1AE65202A8B7D001BB38F = {
			isa = PBXGroup;
			children = (
				81B1AE70202A8B7E001BB38F /* GYLJR-Swift */,
				81B1AE6F202A8B7E001BB38F /* Products */,
				8DB782AE1E451E0284CB6AEC /* Pods */,
				E8D55336E008A8E16886FE62 /* Frameworks */,
			);
			sourceTree = "<group>";
		};
		81B1AE6F202A8B7E001BB38F /* Products */ = {
			isa = PBXGroup;
			children = (
				81B1AE6E202A8B7E001BB38F /* GYLJR-Swift.app */,
			);
			name = Products;
			sourceTree = "<group>";
		};
		81B1AE70202A8B7E001BB38F /* GYLJR-Swift */ = {
			isa = PBXGroup;
			children = (
				81A9643E202E920F0034CC03 /* OCModule */,
				81A96430202E8BE90034CC03 /* Category */,
				81B0FC80202DA36D00E1E73B /* Utity */,
				81B0FC62202D313A00E1E73B /* Lib */,
				81B0FC09202D310800E1E73B /* Resource */,
				81B0FC06202D300E00E1E73B /* UI */,
				81B1AE93202AAB09001BB38F /* Model */,
				81B1AE87202A9315001BB38F /* NetWork */,
				81B1AE71202A8B7E001BB38F /* AppDelegate.swift */,
				81A96437202E8E7E0034CC03 /* GYLJR-Bridging-Header.h */,
				81B1AE8C202A9D0B001BB38F /* Const.swift */,
				81A96447202E932A0034CC03 /* FuncConst.swift */,
				81B1AE75202A8B7E001BB38F /* Main.storyboard */,
				81B1AE78202A8B7E001BB38F /* Assets.xcassets */,
				81B1AE7A202A8B7E001BB38F /* LaunchScreen.storyboard */,
				81B1AE7D202A8B7E001BB38F /* Info.plist */,
			);
			path = "GYLJR-Swift";
			sourceTree = "<group>";
		};
		81B1AE87202A9315001BB38F /* NetWork */ = {
			isa = PBXGroup;
			children = (
				81B1AE88202A9364001BB38F /* HttpClient.swift */,
				81B1AE8E202AA734001BB38F /* NetworkHelp.swift */,
				81A6663A202C4F5600C8088A /* ApiManager.swift */,
			);
			path = NetWork;
			sourceTree = "<group>";
		};
		81B1AE93202AAB09001BB38F /* Model */ = {
			isa = PBXGroup;
			children = (
				81A66637202C4C5000C8088A /* UserModel */,
				81B1AE94202AAB28001BB38F /* BaseModel.swift */,
				81B1AE96202AABE7001BB38F /* DataResult.swift */,
			);
			path = Model;
			sourceTree = "<group>";
		};
		81BAB83E20312A0F00663100 /* SQAutoScrollView */ = {
			isa = PBXGroup;
			children = (
				81BAB83F20312A0F00663100 /* SQAutoScrollView.swift */,
				81BAB84020312A0F00663100 /* SQDotView.swift */,
				81BAB84120312A0F00663100 /* SQPageControl.swift */,
			);
			path = SQAutoScrollView;
			sourceTree = "<group>";
		};
		8DB782AE1E451E0284CB6AEC /* Pods */ = {
			isa = PBXGroup;
			children = (
				DC1DB3E89E544015A4CBAF91 /* Pods-GYLJR-Swift.debug.xcconfig */,
				F89352B912570873B8C7C3DC /* Pods-GYLJR-Swift.release.xcconfig */,
			);
			name = Pods;
			sourceTree = "<group>";
		};
		E8D55336E008A8E16886FE62 /* Frameworks */ = {
			isa = PBXGroup;
			children = (
				8185A478202EC62C00EAB43F /* Security.framework */,
				8185A476202EC0D000EAB43F /* libSystem.tbd */,
				8185A475202EB9DE00EAB43F /* CryptoSwift.framework */,
				8185A473202EB9DA00EAB43F /* SnapKit.framework */,
				8185A471202EB58F00EAB43F /* SnapKit.framework */,
				81A9644B202E9E440034CC03 /* CryptoSwift.framework */,
				81A9644C202E9E440034CC03 /* SnapKit.framework */,
				A5CB321A29195DFC7FBF2362 /* Pods_GYLJR_Swift.framework */,
			);
			name = Frameworks;
			sourceTree = "<group>";
		};
/* End PBXGroup section */

/* Begin PBXNativeTarget section */
		81B1AE6D202A8B7E001BB38F /* GYLJR-Swift */ = {
			isa = PBXNativeTarget;
			buildConfigurationList = 81B1AE80202A8B7E001BB38F /* Build configuration list for PBXNativeTarget "GYLJR-Swift" */;
			buildPhases = (
				9B02930C3EECA53F33BA7660 /* [CP] Check Pods Manifest.lock */,
				81B1AE6A202A8B7E001BB38F /* Sources */,
				81B1AE6B202A8B7E001BB38F /* Frameworks */,
				81B1AE6C202A8B7E001BB38F /* Resources */,
				2E471BE042D55DD0C07FBFBE /* [CP] Embed Pods Frameworks */,
				E76491D45656E30C3D1A2DB4 /* [CP] Copy Pods Resources */,
			);
			buildRules = (
			);
			dependencies = (
			);
			name = "GYLJR-Swift";
			productName = "GYLJR-Swift";
			productReference = 81B1AE6E202A8B7E001BB38F /* GYLJR-Swift.app */;
			productType = "com.apple.product-type.application";
		};
/* End PBXNativeTarget section */

/* Begin PBXProject section */
		81B1AE66202A8B7D001BB38F /* Project object */ = {
			isa = PBXProject;
			attributes = {
				LastSwiftUpdateCheck = 0920;
				LastUpgradeCheck = 0920;
				ORGANIZATIONNAME = iOS;
				TargetAttributes = {
					81B1AE6D202A8B7E001BB38F = {
						CreatedOnToolsVersion = 9.2;
						LastSwiftMigration = 0920;
						ProvisioningStyle = Automatic;
					};
				};
			};
			buildConfigurationList = 81B1AE69202A8B7D001BB38F /* Build configuration list for PBXProject "GYLJR-Swift" */;
			compatibilityVersion = "Xcode 8.0";
			developmentRegion = en;
			hasScannedForEncodings = 0;
			knownRegions = (
				en,
				Base,
			);
			mainGroup = 81B1AE65202A8B7D001BB38F;
			productRefGroup = 81B1AE6F202A8B7E001BB38F /* Products */;
			projectDirPath = "";
			projectRoot = "";
			targets = (
				81B1AE6D202A8B7E001BB38F /* GYLJR-Swift */,
			);
		};
/* End PBXProject section */

/* Begin PBXResourcesBuildPhase section */
		81B1AE6C202A8B7E001BB38F /* Resources */ = {
			isa = PBXResourcesBuildPhase;
			buildActionMask = 2147483647;
			files = (
				81B0FC5B202D312F00E1E73B /* 首页-灰色按钮.png in Resources */,
				81B0FC52202D312F00E1E73B /* 基本设置-03.png in Resources */,
				81B0FC4D202D312F00E1E73B /* back_white.png in Resources */,
				81B0FC42202D312F00E1E73B /* 借款管理-2.png in Resources */,
				81B0FC5A202D312F00E1E73B /* 首页-按钮.png in Resources */,
				81B0FC3A202D312F00E1E73B /* main_icon_unselect.png in Resources */,
				81B0FC5D202D312F00E1E73B /* 新建借款申请-2.png in Resources */,
				81B0FC43202D312F00E1E73B /* select_register.png in Resources */,
				81B0FC4E202D312F00E1E73B /* 提示弹窗-03.png in Resources */,
				81B0FC56202D312F00E1E73B /* unselect_register.png in Resources */,
				81B0FC39202D312F00E1E73B /* main_icon_select.png in Resources */,
				81B0FC54202D312F00E1E73B /* 基本设置-02.png in Resources */,
				81B0FC47202D312F00E1E73B /* user_login.png in Resources */,
				81B0FC55202D312F00E1E73B /* 首页-01.png in Resources */,
				81B0FC76202D9E1B00E1E73B /* tabBarBgImg.png in Resources */,
				81B0FC51202D312F00E1E73B /* 首页1.png in Resources */,
				81B0FC37202D312F00E1E73B /* mine_apply.png in Resources */,
				81B0FC46202D312F00E1E73B /* 基本设置-已认证.png in Resources */,
				81B0FC60202D312F00E1E73B /* mine_rightArrow.png in Resources */,
				81B0FC58202D312F00E1E73B /* 拍摄.png in Resources */,
				81B0FC3E202D312F00E1E73B /* 借款管理-1.png in Resources */,
				81B0FC5E202D312F00E1E73B /* 首页2.png in Resources */,
				81B1AE7C202A8B7E001BB38F /* LaunchScreen.storyboard in Resources */,
				81B0FC49202D312F00E1E73B /* 个人中心1.png in Resources */,
				81B0FC4B202D312F00E1E73B /* nav_back.png in Resources */,
				81B0FC50202D312F00E1E73B /* 基本设置-提示.png in Resources */,
				81B0FC3B202D312F00E1E73B /* 提示弹窗-01.png in Resources */,
				81B0FC4A202D312F00E1E73B /* pwd_login.png in Resources */,
				81A5B0BB2030290C00F65FD1 /* startImage.png in Resources */,
				81B0FC5C202D312F00E1E73B /* 文件夹.png in Resources */,
				81B0FC3C202D312F00E1E73B /* 新建借款申请-4.png in Resources */,
				81B0FC40202D312F00E1E73B /* 提示弹窗-04.png in Resources */,
				81B0FC57202D312F00E1E73B /* 绑定银行卡.png in Resources */,
				81B0FC4F202D312F00E1E73B /* 相册.png in Resources */,
				81B0FC59202D312F00E1E73B /* 首页-02.png in Resources */,
				81BAB8482031313700663100 /* main-content.png in Resources */,
				81B0FC3F202D312F00E1E73B /* 提示弹窗-02.png in Resources */,
				81A5B0B72030288F00F65FD1 /* mine_headerBg.png in Resources */,
				81B1AE77202A8B7E001BB38F /* Main.storyboard in Resources */,
				81B0FC41202D312F00E1E73B /* user_icon_login.png in Resources */,
				81B0FC44202D312F00E1E73B /* 查看大图-关闭.png in Resources */,
				81B0FC4C202D312F00E1E73B /* 新建借款申请-3.png in Resources */,
				81B0FC36202D312F00E1E73B /* mine_icon_select.png in Resources */,
				81B0FC38202D312F00E1E73B /* 首页-03.png in Resources */,
				81A5B0B52030237100F65FD1 /* main-banner.png in Resources */,
				81B0FC3D202D312F00E1E73B /* 新建借款申请-1.png in Resources */,
				81B0FC72202D997400E1E73B /* navBarBgImg.png in Resources */,
				819946DE2030337500A5CB89 /* 123.png in Resources */,
				81B0FC48202D312F00E1E73B /* mine_icon_unselect.png in Resources */,
				81B0FC45202D312F00E1E73B /* 个人中心2.png in Resources */,
				81B0FC5F202D312F00E1E73B /* nav_close.png in Resources */,
				81B0FC61202D312F00E1E73B /* 找回密码.png in Resources */,
				81B0FC53202D312F00E1E73B /* 基本设置-01.png in Resources */,
			);
			runOnlyForDeploymentPostprocessing = 0;
		};
/* End PBXResourcesBuildPhase section */

/* Begin PBXShellScriptBuildPhase section */
		2E471BE042D55DD0C07FBFBE /* [CP] Embed Pods Frameworks */ = {
			isa = PBXShellScriptBuildPhase;
			buildActionMask = 2147483647;
			files = (
			);
			inputPaths = (
			);
			name = "[CP] Embed Pods Frameworks";
			outputPaths = (
			);
			runOnlyForDeploymentPostprocessing = 0;
			shellPath = /bin/sh;
			shellScript = "\"${SRCROOT}/Pods/Target Support Files/Pods-GYLJR-Swift/Pods-GYLJR-Swift-frameworks.sh\"\n";
			showEnvVarsInLog = 0;
		};
		9B02930C3EECA53F33BA7660 /* [CP] Check Pods Manifest.lock */ = {
			isa = PBXShellScriptBuildPhase;
			buildActionMask = 2147483647;
			files = (
			);
			inputPaths = (
			);
			name = "[CP] Check Pods Manifest.lock";
			outputPaths = (
			);
			runOnlyForDeploymentPostprocessing = 0;
			shellPath = /bin/sh;
			shellScript = "diff \"${PODS_PODFILE_DIR_PATH}/Podfile.lock\" \"${PODS_ROOT}/Manifest.lock\" > /dev/null\nif [ $? != 0 ] ; then\n    # print error to STDERR\n    echo \"error: The sandbox is not in sync with the Podfile.lock. Run 'pod install' or update your CocoaPods installation.\" >&2\n    exit 1\nfi\n";
			showEnvVarsInLog = 0;
		};
		E76491D45656E30C3D1A2DB4 /* [CP] Copy Pods Resources */ = {
			isa = PBXShellScriptBuildPhase;
			buildActionMask = 2147483647;
			files = (
			);
			inputPaths = (
			);
			name = "[CP] Copy Pods Resources";
			outputPaths = (
			);
			runOnlyForDeploymentPostprocessing = 0;
			shellPath = /bin/sh;
			shellScript = "\"${SRCROOT}/Pods/Target Support Files/Pods-GYLJR-Swift/Pods-GYLJR-Swift-resources.sh\"\n";
			showEnvVarsInLog = 0;
		};
/* End PBXShellScriptBuildPhase section */

/* Begin PBXSourcesBuildPhase section */
		81B1AE6A202A8B7E001BB38F /* Sources */ = {
			isa = PBXSourcesBuildPhase;
			buildActionMask = 2147483647;
			files = (
				81B0FC79202D9E9D00E1E73B /* LoginViewController.swift in Sources */,
				81B0FC08202D300E00E1E73B /* RootTabBarController.swift in Sources */,
				81B1AE72202A8B7E001BB38F /* AppDelegate.swift in Sources */,
				81B0FC7D202D9FEA00E1E73B /* BaseInfo.swift in Sources */,
				81BAB8462031311000663100 /* BaseCell.swift in Sources */,
				81B0FC7B202D9EA900E1E73B /* RegisterViewController.swift in Sources */,
				81A96448202E932A0034CC03 /* FuncConst.swift in Sources */,
				81B0FC7F202DA00500E1E73B /* LoginInfo.swift in Sources */,
				81B1AE97202AABE7001BB38F /* DataResult.swift in Sources */,
				81B0FC03202D2FFE00E1E73B /* SYTabBarController.swift in Sources */,
				81B0FC64202D35E500E1E73B /* BaseViewController.swift in Sources */,
				81B1AE89202A9364001BB38F /* HttpClient.swift in Sources */,
				81BAB84420312A0F00663100 /* SQPageControl.swift in Sources */,
				81B0FC68202D362200E1E73B /* MainViewController.swift in Sources */,
				81B0FC05202D2FFE00E1E73B /* UIView+Help.swift in Sources */,
				81B1AE8F202AA734001BB38F /* NetworkHelp.swift in Sources */,
				8199472B2030408400A5CB89 /* BannerScrollView.swift in Sources */,
				81A6663B202C4F5600C8088A /* ApiManager.swift in Sources */,
				8185A47C202EF3A500EAB43F /* ClickLabel.swift in Sources */,
				81B0FC84202DA54500E1E73B /* Tool.swift in Sources */,
				81BAB86D20316D5B00663100 /* UIButton+Help.swift in Sources */,
				81B0FC04202D2FFE00E1E73B /* SYTabBarItem.swift in Sources */,
				81B0FC6A202D362D00E1E73B /* MineViewController.swift in Sources */,
				81B0FC82202DA38600E1E73B /* ShiPei.swift in Sources */,
				81BAB8772031977B00663100 /* MineHeaderFootView.swift in Sources */,
				81BAB86B20315E3000663100 /* MineCell.swift in Sources */,
				81BAB84220312A0F00663100 /* SQAutoScrollView.swift in Sources */,
				81BAB84320312A0F00663100 /* SQDotView.swift in Sources */,
				81B0FC02202D2FFE00E1E73B /* SYTabBar.swift in Sources */,
				81B1AE95202AAB28001BB38F /* BaseModel.swift in Sources */,
				81BAB87320317FA100663100 /* BaseTableView.swift in Sources */,
				81A66639202C4C6C00C8088A /* UserModel.swift in Sources */,
				81B1AE8D202A9D0B001BB38F /* Const.swift in Sources */,
				81A96446202E92860034CC03 /* GTMBase64.m in Sources */,
				81A96441202E922F0034CC03 /* NSString+Help.m in Sources */,
				81A96432202E8C220034CC03 /* String+Help.swift in Sources */,
			);
			runOnlyForDeploymentPostprocessing = 0;
		};
/* End PBXSourcesBuildPhase section */

/* Begin PBXVariantGroup section */
		81B1AE75202A8B7E001BB38F /* Main.storyboard */ = {
			isa = PBXVariantGroup;
			children = (
				81B1AE76202A8B7E001BB38F /* Base */,
			);
			name = Main.storyboard;
			sourceTree = "<group>";
		};
		81B1AE7A202A8B7E001BB38F /* LaunchScreen.storyboard */ = {
			isa = PBXVariantGroup;
			children = (
				81B1AE7B202A8B7E001BB38F /* Base */,
			);
			name = LaunchScreen.storyboard;
			sourceTree = "<group>";
		};
/* End PBXVariantGroup section */

/* Begin XCBuildConfiguration section */
		81B1AE7E202A8B7E001BB38F /* Debug */ = {
			isa = XCBuildConfiguration;
			buildSettings = {
				ALWAYS_SEARCH_USER_PATHS = NO;
				CLANG_ANALYZER_NONNULL = YES;
				CLANG_ANALYZER_NUMBER_OBJECT_CONVERSION = YES_AGGRESSIVE;
				CLANG_CXX_LANGUAGE_STANDARD = "gnu++14";
				CLANG_CXX_LIBRARY = "libc++";
				CLANG_ENABLE_MODULES = YES;
				CLANG_ENABLE_OBJC_ARC = YES;
				CLANG_WARN_BLOCK_CAPTURE_AUTORELEASING = YES;
				CLANG_WARN_BOOL_CONVERSION = YES;
				CLANG_WARN_COMMA = YES;
				CLANG_WARN_CONSTANT_CONVERSION = YES;
				CLANG_WARN_DIRECT_OBJC_ISA_USAGE = YES_ERROR;
				CLANG_WARN_DOCUMENTATION_COMMENTS = YES;
				CLANG_WARN_EMPTY_BODY = YES;
				CLANG_WARN_ENUM_CONVERSION = YES;
				CLANG_WARN_INFINITE_RECURSION = YES;
				CLANG_WARN_INT_CONVERSION = YES;
				CLANG_WARN_NON_LITERAL_NULL_CONVERSION = YES;
				CLANG_WARN_OBJC_LITERAL_CONVERSION = YES;
				CLANG_WARN_OBJC_ROOT_CLASS = YES_ERROR;
				CLANG_WARN_RANGE_LOOP_ANALYSIS = YES;
				CLANG_WARN_STRICT_PROTOTYPES = YES;
				CLANG_WARN_SUSPICIOUS_MOVE = YES;
				CLANG_WARN_UNGUARDED_AVAILABILITY = YES_AGGRESSIVE;
				CLANG_WARN_UNREACHABLE_CODE = YES;
				CLANG_WARN__DUPLICATE_METHOD_MATCH = YES;
				CODE_SIGN_IDENTITY = "iPhone Developer";
				COPY_PHASE_STRIP = NO;
				DEBUG_INFORMATION_FORMAT = dwarf;
				ENABLE_STRICT_OBJC_MSGSEND = YES;
				ENABLE_TESTABILITY = YES;
				GCC_C_LANGUAGE_STANDARD = gnu11;
				GCC_DYNAMIC_NO_PIC = NO;
				GCC_NO_COMMON_BLOCKS = YES;
				GCC_OPTIMIZATION_LEVEL = 0;
				GCC_PREPROCESSOR_DEFINITIONS = (
					"DEBUG=1",
					"$(inherited)",
				);
				GCC_WARN_64_TO_32_BIT_CONVERSION = YES;
				GCC_WARN_ABOUT_RETURN_TYPE = YES_ERROR;
				GCC_WARN_UNDECLARED_SELECTOR = YES;
				GCC_WARN_UNINITIALIZED_AUTOS = YES_AGGRESSIVE;
				GCC_WARN_UNUSED_FUNCTION = YES;
				GCC_WARN_UNUSED_VARIABLE = YES;
				IPHONEOS_DEPLOYMENT_TARGET = 11.2;
				MTL_ENABLE_DEBUG_INFO = YES;
				ONLY_ACTIVE_ARCH = YES;
				SDKROOT = iphoneos;
				SWIFT_ACTIVE_COMPILATION_CONDITIONS = DEBUG;
				SWIFT_OPTIMIZATION_LEVEL = "-Onone";
			};
			name = Debug;
		};
		81B1AE7F202A8B7E001BB38F /* Release */ = {
			isa = XCBuildConfiguration;
			buildSettings = {
				ALWAYS_SEARCH_USER_PATHS = NO;
				CLANG_ANALYZER_NONNULL = YES;
				CLANG_ANALYZER_NUMBER_OBJECT_CONVERSION = YES_AGGRESSIVE;
				CLANG_CXX_LANGUAGE_STANDARD = "gnu++14";
				CLANG_CXX_LIBRARY = "libc++";
				CLANG_ENABLE_MODULES = YES;
				CLANG_ENABLE_OBJC_ARC = YES;
				CLANG_WARN_BLOCK_CAPTURE_AUTORELEASING = YES;
				CLANG_WARN_BOOL_CONVERSION = YES;
				CLANG_WARN_COMMA = YES;
				CLANG_WARN_CONSTANT_CONVERSION = YES;
				CLANG_WARN_DIRECT_OBJC_ISA_USAGE = YES_ERROR;
				CLANG_WARN_DOCUMENTATION_COMMENTS = YES;
				CLANG_WARN_EMPTY_BODY = YES;
				CLANG_WARN_ENUM_CONVERSION = YES;
				CLANG_WARN_INFINITE_RECURSION = YES;
				CLANG_WARN_INT_CONVERSION = YES;
				CLANG_WARN_NON_LITERAL_NULL_CONVERSION = YES;
				CLANG_WARN_OBJC_LITERAL_CONVERSION = YES;
				CLANG_WARN_OBJC_ROOT_CLASS = YES_ERROR;
				CLANG_WARN_RANGE_LOOP_ANALYSIS = YES;
				CLANG_WARN_STRICT_PROTOTYPES = YES;
				CLANG_WARN_SUSPICIOUS_MOVE = YES;
				CLANG_WARN_UNGUARDED_AVAILABILITY = YES_AGGRESSIVE;
				CLANG_WARN_UNREACHABLE_CODE = YES;
				CLANG_WARN__DUPLICATE_METHOD_MATCH = YES;
				CODE_SIGN_IDENTITY = "iPhone Developer";
				COPY_PHASE_STRIP = NO;
				DEBUG_INFORMATION_FORMAT = "dwarf-with-dsym";
				ENABLE_NS_ASSERTIONS = NO;
				ENABLE_STRICT_OBJC_MSGSEND = YES;
				GCC_C_LANGUAGE_STANDARD = gnu11;
				GCC_NO_COMMON_BLOCKS = YES;
				GCC_WARN_64_TO_32_BIT_CONVERSION = YES;
				GCC_WARN_ABOUT_RETURN_TYPE = YES_ERROR;
				GCC_WARN_UNDECLARED_SELECTOR = YES;
				GCC_WARN_UNINITIALIZED_AUTOS = YES_AGGRESSIVE;
				GCC_WARN_UNUSED_FUNCTION = YES;
				GCC_WARN_UNUSED_VARIABLE = YES;
				IPHONEOS_DEPLOYMENT_TARGET = 11.2;
				MTL_ENABLE_DEBUG_INFO = NO;
				SDKROOT = iphoneos;
				SWIFT_OPTIMIZATION_LEVEL = "-Owholemodule";
				VALIDATE_PRODUCT = YES;
			};
			name = Release;
		};
		81B1AE81202A8B7E001BB38F /* Debug */ = {
			isa = XCBuildConfiguration;
			baseConfigurationReference = DC1DB3E89E544015A4CBAF91 /* Pods-GYLJR-Swift.debug.xcconfig */;
			buildSettings = {
				ASSETCATALOG_COMPILER_APPICON_NAME = AppIcon;
				ASSETCATALOG_COMPILER_LAUNCHIMAGE_NAME = LaunchImage;
				CLANG_ENABLE_MODULES = YES;
				CODE_SIGN_STYLE = Automatic;
				GCC_PREFIX_HEADER = "";
				INFOPLIST_FILE = "GYLJR-Swift/Info.plist";
				IPHONEOS_DEPLOYMENT_TARGET = 11.0;
				LD_RUNPATH_SEARCH_PATHS = "$(inherited) @executable_path/Frameworks";
				PRODUCT_BUNDLE_IDENTIFIER = "sy.GYLJR-Swift";
				PRODUCT_NAME = "$(TARGET_NAME)";
				SWIFT_OBJC_BRIDGING_HEADER = "GYLJR-Swift/GYLJR-Bridging-Header.h";
				SWIFT_OPTIMIZATION_LEVEL = "-Onone";
				SWIFT_VERSION = 4.0;
				TARGETED_DEVICE_FAMILY = "1,2";
			};
			name = Debug;
		};
		81B1AE82202A8B7E001BB38F /* Release */ = {
			isa = XCBuildConfiguration;
			baseConfigurationReference = F89352B912570873B8C7C3DC /* Pods-GYLJR-Swift.release.xcconfig */;
			buildSettings = {
				ASSETCATALOG_COMPILER_APPICON_NAME = AppIcon;
				ASSETCATALOG_COMPILER_LAUNCHIMAGE_NAME = LaunchImage;
				CLANG_ENABLE_MODULES = YES;
				CODE_SIGN_STYLE = Automatic;
				GCC_PREFIX_HEADER = "";
				INFOPLIST_FILE = "GYLJR-Swift/Info.plist";
				IPHONEOS_DEPLOYMENT_TARGET = 11.0;
				LD_RUNPATH_SEARCH_PATHS = "$(inherited) @executable_path/Frameworks";
				PRODUCT_BUNDLE_IDENTIFIER = "sy.GYLJR-Swift";
				PRODUCT_NAME = "$(TARGET_NAME)";
				SWIFT_OBJC_BRIDGING_HEADER = "GYLJR-Swift/GYLJR-Bridging-Header.h";
				SWIFT_VERSION = 4.0;
				TARGETED_DEVICE_FAMILY = "1,2";
			};
			name = Release;
		};
/* End XCBuildConfiguration section */

/* Begin XCConfigurationList section */
		81B1AE69202A8B7D001BB38F /* Build configuration list for PBXProject "GYLJR-Swift" */ = {
			isa = XCConfigurationList;
			buildConfigurations = (
				81B1AE7E202A8B7E001BB38F /* Debug */,
				81B1AE7F202A8B7E001BB38F /* Release */,
			);
			defaultConfigurationIsVisible = 0;
			defaultConfigurationName = Release;
		};
		81B1AE80202A8B7E001BB38F /* Build configuration list for PBXNativeTarget "GYLJR-Swift" */ = {
			isa = XCConfigurationList;
			buildConfigurations = (
				81B1AE81202A8B7E001BB38F /* Debug */,
				81B1AE82202A8B7E001BB38F /* Release */,
			);
			defaultConfigurationIsVisible = 0;
			defaultConfigurationName = Release;
		};
/* End XCConfigurationList section */
	};
	rootObject = 81B1AE66202A8B7D001BB38F /* Project object */;
}
